
Microsoft Visual Studio Solution File, Format Version 12.00
# Visual Studio Version 16
VisualStudioVersion = 16.0.32929.386
MinimumVisualStudioVersion = 10.0.40219.1
Project("{FAE04EC0-301F-11D3-BF4B-00C04F79EFBC}") = "5.b", "5.b\5.b.csproj", "{5954BEE5-A851-4AC7-B3BF-1B79F55FC420}"
EndProject
Global
	GlobalSection(SolutionConfigurationPlatforms) = preSolution
		Debug|Any CPU = Debug|Any CPU
		Release|Any CPU = Release|Any CPU
	EndGlobalSection
	GlobalSection(ProjectConfigurationPlatforms) = postSolution
		{5954BEE5-A851-4AC7-B3BF-1B79F55FC420}.Debug|Any CPU.ActiveCfg = Debug|Any CPU
		{5954BEE5-A851-4AC7-B3BF-1B79F55FC420}.Debug|Any CPU.Build.0 = Debug|Any CPU
		{5954BEE5-A851-4AC7-B3BF-1B79F55FC420}.Release|Any CPU.ActiveCfg = Release|Any CPU
		{5954BEE5-A851-4AC7-B3BF-1B79F55FC420}.Release|Any CPU.Build.0 = Release|Any CPU
	EndGlobalSection
	GlobalSection(SolutionProperties) = preSolution
		HideSolutionNode = FALSE
	EndGlobalSection
	GlobalSection(ExtensibilityGlobals) = postSolution
		SolutionGuid = {EA29DC88-4E32-4CC7-B722-BC0DC1234969}
	EndGlobalSection
EndGlobal
